
Microsoft Visual Studio Solution File, Format Version 12.00
# Visual Studio 15
VisualStudioVersion = 15.0.28307.421
MinimumVisualStudioVersion = 10.0.40219.1
Project("{8BC9CEB8-8B4A-11D0-8D11-00A0C91BC942}") = "Dll1", "Dll1\Dll1.vcxproj", "{4A1022D6-623E-4812-AF1E-22145BF66F80}"
EndProject
Project("{8BC9CEB8-8B4A-11D0-8D11-00A0C91BC942}") = "ConsoleApplication1", "ConsoleApplication1\ConsoleApplication1.vcxproj", "{376A363D-3C96-4658-A94B-899811070390}"
EndProject
Global
	GlobalSection(SolutionConfigurationPlatforms) = preSolution
		Debug|x64 = Debug|x64
		Debug|x86 = Debug|x86
		Release|x64 = Release|x64
		Release|x86 = Release|x86
	EndGlobalSection
	GlobalSection(ProjectConfigurationPlatforms) = postSolution
		{4A1022D6-623E-4812-AF1E-22145BF66F80}.Debug|x64.ActiveCfg = Debug|x64
		{4A1022D6-623E-4812-AF1E-22145BF66F80}.Debug|x64.Build.0 = Debug|x64
		{4A1022D6-623E-4812-AF1E-22145BF66F80}.Debug|x86.ActiveCfg = Debug|Win32
		{4A1022D6-623E-4812-AF1E-22145BF66F80}.Debug|x86.Build.0 = Debug|Win32
		{4A1022D6-623E-4812-AF1E-22145BF66F80}.Release|x64.ActiveCfg = Release|x64
		{4A1022D6-623E-4812-AF1E-22145BF66F80}.Release|x64.Build.0 = Release|x64
		{4A1022D6-623E-4812-AF1E-22145BF66F80}.Release|x86.ActiveCfg = Release|Win32
		{4A1022D6-623E-4812-AF1E-22145BF66F80}.Release|x86.Build.0 = Release|Win32
		{376A363D-3C96-4658-A94B-899811070390}.Debug|x64.ActiveCfg = Debug|x64
		{376A363D-3C96-4658-A94B-899811070390}.Debug|x64.Build.0 = Debug|x64
		{376A363D-3C96-4658-A94B-899811070390}.Debug|x86.ActiveCfg = Debug|Win32
		{376A363D-3C96-4658-A94B-899811070390}.Debug|x86.Build.0 = Debug|Win32
		{376A363D-3C96-4658-A94B-899811070390}.Release|x64.ActiveCfg = Release|x64
		{376A363D-3C96-4658-A94B-899811070390}.Release|x64.Build.0 = Release|x64
		{376A363D-3C96-4658-A94B-899811070390}.Release|x86.ActiveCfg = Release|Win32
		{376A363D-3C96-4658-A94B-899811070390}.Release|x86.Build.0 = Release|Win32
	EndGlobalSection
	GlobalSection(SolutionProperties) = preSolution
		HideSolutionNode = FALSE
	EndGlobalSection
	GlobalSection(ExtensibilityGlobals) = postSolution
		SolutionGuid = {2575B94A-AAE5-4D4B-B222-78441635BC59}
	EndGlobalSection
EndGlobal
